{
  "object": {
    "pins": [
      {
        "package": "CRuntime",
        "repositoryURL": "https://github.com/wickwirew/CRuntime.git",
        "state": {
          "branch": null,
          "revision": "afec8728ad670dc992a1cc701338b2c20b707a92",
          "version": "2.1.1"
        }
      },
      {
        "package": "Runtime",
        "repositoryURL": "git@github.com:SportlabsTechnology/Runtime.git",
        "state": {
          "branch": null,
          "revision": "4687a21c28bbbf728288e5dce0841a465ed0c2d0",
          "version": "2.0.0"
        }
      }
    ]
  },
  "version": 1
}
