{
  "object": {
    "pins": [
      {
        "package": "Runtime",
        "repositoryURL": "https://github.com/wickwirew/Runtime.git",
        "state": {
          "branch": null,
          "revision": "1e80c719ab1a53de9e176a2dcb594779150ffc5a",
          "version": null
        }
      }
    ]
  },
  "version": 1
}
