{
  "object": {
    "pins": [
      {
        "package": "CRuntime",
        "repositoryURL": "https://github.com/wickwirew/CRuntime.git",
        "state": {
          "branch": null,
          "revision": "afec8728ad670dc992a1cc701338b2c20b707a92",
          "version": "2.1.1"
        }
      },
      {
        "package": "Runtime",
        "repositoryURL": "git@github.com:SportlabsTechnology/Runtime.git",
        "state": {
          "branch": "master",
          "revision": "8868585090a498d9c39309f96b18a61f75a1f1d1",
          "version": null
        }
      }
    ]
  },
  "version": 1
}
